
Microsoft Visual Studio Solution File, Format Version 12.00
# Visual Studio Version 17
VisualStudioVersion = 17.0.32014.148
MinimumVisualStudioVersion = 10.0.40219.1
Project("{FAE04EC0-301F-11D3-BF4B-00C04F79EFBC}") = "Exercicio2", "Exercicio2\Exercicio2.csproj", "{C99CD16B-61AB-4BC0-BA09-8F16DC1BF6AF}"
EndProject
Global
	GlobalSection(SolutionConfigurationPlatforms) = preSolution
		Debug|Any CPU = Debug|Any CPU
		Release|Any CPU = Release|Any CPU
	EndGlobalSection
	GlobalSection(ProjectConfigurationPlatforms) = postSolution
		{C99CD16B-61AB-4BC0-BA09-8F16DC1BF6AF}.Debug|Any CPU.ActiveCfg = Debug|Any CPU
		{C99CD16B-61AB-4BC0-BA09-8F16DC1BF6AF}.Debug|Any CPU.Build.0 = Debug|Any CPU
		{C99CD16B-61AB-4BC0-BA09-8F16DC1BF6AF}.Release|Any CPU.ActiveCfg = Release|Any CPU
		{C99CD16B-61AB-4BC0-BA09-8F16DC1BF6AF}.Release|Any CPU.Build.0 = Release|Any CPU
	EndGlobalSection
	GlobalSection(SolutionProperties) = preSolution
		HideSolutionNode = FALSE
	EndGlobalSection
	GlobalSection(ExtensibilityGlobals) = postSolution
		SolutionGuid = {6A549D13-CC88-4A41-AE83-32823A34AB60}
	EndGlobalSection
EndGlobal
