
Microsoft Visual Studio Solution File, Format Version 12.00
# Visual Studio Version 17
VisualStudioVersion = 17.0.32014.148
MinimumVisualStudioVersion = 10.0.40219.1
Project("{FAE04EC0-301F-11D3-BF4B-00C04F79EFBC}") = "ConsumirApi1", "ConsumirApi1\ConsumirApi1.csproj", "{6A97B110-3093-4AAC-83B6-DB732CAC1FDE}"
EndProject
Global
	GlobalSection(SolutionConfigurationPlatforms) = preSolution
		Debug|Any CPU = Debug|Any CPU
		Release|Any CPU = Release|Any CPU
	EndGlobalSection
	GlobalSection(ProjectConfigurationPlatforms) = postSolution
		{6A97B110-3093-4AAC-83B6-DB732CAC1FDE}.Debug|Any CPU.ActiveCfg = Debug|Any CPU
		{6A97B110-3093-4AAC-83B6-DB732CAC1FDE}.Debug|Any CPU.Build.0 = Debug|Any CPU
		{6A97B110-3093-4AAC-83B6-DB732CAC1FDE}.Release|Any CPU.ActiveCfg = Release|Any CPU
		{6A97B110-3093-4AAC-83B6-DB732CAC1FDE}.Release|Any CPU.Build.0 = Release|Any CPU
	EndGlobalSection
	GlobalSection(SolutionProperties) = preSolution
		HideSolutionNode = FALSE
	EndGlobalSection
	GlobalSection(ExtensibilityGlobals) = postSolution
		SolutionGuid = {AA1AA13B-E439-46ED-AC67-A2FB2230983B}
	EndGlobalSection
EndGlobal
